
Microsoft Visual Studio Solution File, Format Version 12.00
# Visual Studio 15
VisualStudioVersion = 15.0.27004.2010
MinimumVisualStudioVersion = 10.0.40219.1
Project("{FAE04EC0-301F-11D3-BF4B-00C04F79EFBC}") = "Chat1", "WindowsFormsApp1\Chat1.csproj", "{7160E5D5-067E-4B53-88B5-3E36CCA47B0F}"
EndProject
Project("{FAE04EC0-301F-11D3-BF4B-00C04F79EFBC}") = "chat2", "chat2\chat2.csproj", "{088B2569-F94B-442E-B973-5B5C43D5F371}"
EndProject
Global
	GlobalSection(SolutionConfigurationPlatforms) = preSolution
		Debug|Any CPU = Debug|Any CPU
		Release|Any CPU = Release|Any CPU
	EndGlobalSection
	GlobalSection(ProjectConfigurationPlatforms) = postSolution
		{7160E5D5-067E-4B53-88B5-3E36CCA47B0F}.Debug|Any CPU.ActiveCfg = Debug|Any CPU
		{7160E5D5-067E-4B53-88B5-3E36CCA47B0F}.Debug|Any CPU.Build.0 = Debug|Any CPU
		{7160E5D5-067E-4B53-88B5-3E36CCA47B0F}.Release|Any CPU.ActiveCfg = Release|Any CPU
		{7160E5D5-067E-4B53-88B5-3E36CCA47B0F}.Release|Any CPU.Build.0 = Release|Any CPU
		{088B2569-F94B-442E-B973-5B5C43D5F371}.Debug|Any CPU.ActiveCfg = Debug|Any CPU
		{088B2569-F94B-442E-B973-5B5C43D5F371}.Debug|Any CPU.Build.0 = Debug|Any CPU
		{088B2569-F94B-442E-B973-5B5C43D5F371}.Release|Any CPU.ActiveCfg = Release|Any CPU
		{088B2569-F94B-442E-B973-5B5C43D5F371}.Release|Any CPU.Build.0 = Release|Any CPU
	EndGlobalSection
	GlobalSection(SolutionProperties) = preSolution
		HideSolutionNode = FALSE
	EndGlobalSection
	GlobalSection(ExtensibilityGlobals) = postSolution
		SolutionGuid = {826A325B-71C9-4ACD-BBF9-4141AC8CEB2E}
	EndGlobalSection
EndGlobal
